
Microsoft Visual Studio Solution File, Format Version 12.00
# Visual Studio Version 16
VisualStudioVersion = 16.0.30320.27
MinimumVisualStudioVersion = 10.0.40219.1
Project("{FAE04EC0-301F-11D3-BF4B-00C04F79EFBC}") = "Solution 1", "Solution 1\Solution 1.csproj", "{A6CB8A1E-3A94-4E31-BE57-4859CB418995}"
EndProject
Project("{FAE04EC0-301F-11D3-BF4B-00C04F79EFBC}") = "Solution 2 - faster", "Solution 2 - faster\Solution 2 - faster.csproj", "{682F98FD-17EA-485B-A6F1-56056B7A82B8}"
EndProject
Global
	GlobalSection(SolutionConfigurationPlatforms) = preSolution
		Debug|Any CPU = Debug|Any CPU
		Release|Any CPU = Release|Any CPU
	EndGlobalSection
	GlobalSection(ProjectConfigurationPlatforms) = postSolution
		{A6CB8A1E-3A94-4E31-BE57-4859CB418995}.Debug|Any CPU.ActiveCfg = Debug|Any CPU
		{A6CB8A1E-3A94-4E31-BE57-4859CB418995}.Debug|Any CPU.Build.0 = Debug|Any CPU
		{A6CB8A1E-3A94-4E31-BE57-4859CB418995}.Release|Any CPU.ActiveCfg = Release|Any CPU
		{A6CB8A1E-3A94-4E31-BE57-4859CB418995}.Release|Any CPU.Build.0 = Release|Any CPU
		{682F98FD-17EA-485B-A6F1-56056B7A82B8}.Debug|Any CPU.ActiveCfg = Debug|Any CPU
		{682F98FD-17EA-485B-A6F1-56056B7A82B8}.Debug|Any CPU.Build.0 = Debug|Any CPU
		{682F98FD-17EA-485B-A6F1-56056B7A82B8}.Release|Any CPU.ActiveCfg = Release|Any CPU
		{682F98FD-17EA-485B-A6F1-56056B7A82B8}.Release|Any CPU.Build.0 = Release|Any CPU
	EndGlobalSection
	GlobalSection(SolutionProperties) = preSolution
		HideSolutionNode = FALSE
	EndGlobalSection
	GlobalSection(ExtensibilityGlobals) = postSolution
		SolutionGuid = {36360253-4E98-422A-B02F-8C2B658BBD50}
	EndGlobalSection
EndGlobal
