
Microsoft Visual Studio Solution File, Format Version 12.00
# Visual Studio Version 16
VisualStudioVersion = 16.0.30503.244
MinimumVisualStudioVersion = 10.0.40219.1
Project("{FAE04EC0-301F-11D3-BF4B-00C04F79EFBC}") = "Solution 1", "Solution 1\Solution 1.csproj", "{74DB0419-7030-4740-916E-1089B1C9D28E}"
EndProject
Global
	GlobalSection(SolutionConfigurationPlatforms) = preSolution
		Debug|Any CPU = Debug|Any CPU
		Release|Any CPU = Release|Any CPU
	EndGlobalSection
	GlobalSection(ProjectConfigurationPlatforms) = postSolution
		{74DB0419-7030-4740-916E-1089B1C9D28E}.Debug|Any CPU.ActiveCfg = Debug|Any CPU
		{74DB0419-7030-4740-916E-1089B1C9D28E}.Debug|Any CPU.Build.0 = Debug|Any CPU
		{74DB0419-7030-4740-916E-1089B1C9D28E}.Release|Any CPU.ActiveCfg = Release|Any CPU
		{74DB0419-7030-4740-916E-1089B1C9D28E}.Release|Any CPU.Build.0 = Release|Any CPU
	EndGlobalSection
	GlobalSection(SolutionProperties) = preSolution
		HideSolutionNode = FALSE
	EndGlobalSection
	GlobalSection(ExtensibilityGlobals) = postSolution
		SolutionGuid = {D11E88E6-ACFB-438D-B270-E0840FC0B292}
	EndGlobalSection
EndGlobal
