
Microsoft Visual Studio Solution File, Format Version 12.00
# Visual Studio Version 16
VisualStudioVersion = 16.0.30503.244
MinimumVisualStudioVersion = 10.0.40219.1
Project("{FAE04EC0-301F-11D3-BF4B-00C04F79EFBC}") = "Solution 1", "Solution 1\Solution 1.csproj", "{3B1972A1-0C7A-46B9-87E8-96F8640B14C1}"
EndProject
Global
	GlobalSection(SolutionConfigurationPlatforms) = preSolution
		Debug|Any CPU = Debug|Any CPU
		Release|Any CPU = Release|Any CPU
	EndGlobalSection
	GlobalSection(ProjectConfigurationPlatforms) = postSolution
		{3B1972A1-0C7A-46B9-87E8-96F8640B14C1}.Debug|Any CPU.ActiveCfg = Debug|Any CPU
		{3B1972A1-0C7A-46B9-87E8-96F8640B14C1}.Debug|Any CPU.Build.0 = Debug|Any CPU
		{3B1972A1-0C7A-46B9-87E8-96F8640B14C1}.Release|Any CPU.ActiveCfg = Release|Any CPU
		{3B1972A1-0C7A-46B9-87E8-96F8640B14C1}.Release|Any CPU.Build.0 = Release|Any CPU
	EndGlobalSection
	GlobalSection(SolutionProperties) = preSolution
		HideSolutionNode = FALSE
	EndGlobalSection
	GlobalSection(ExtensibilityGlobals) = postSolution
		SolutionGuid = {D4B5F6DC-ADC0-4DDB-BF95-25D820E49274}
	EndGlobalSection
EndGlobal
